
Microsoft Visual Studio Solution File, Format Version 12.00
# Visual Studio 15
VisualStudioVersion = 15.0.27130.2036
MinimumVisualStudioVersion = 10.0.40219.1
Project("{2150E333-8FDC-42A3-9474-1A3956D46DE8}") = "Tests", "Tests", "{FF565E1A-C8B0-4AE2-A092-79E104E80430}"
EndProject
Project("{2150E333-8FDC-42A3-9474-1A3956D46DE8}") = "Framework", "Framework", "{1B9F929F-489D-4B6B-AB3F-6B0F8EC9D0A3}"
EndProject
Project("{2150E333-8FDC-42A3-9474-1A3956D46DE8}") = "Abstract", "Abstract", "{2DBA28C4-E688-4E42-8834-D65DCF741F04}"
EndProject
Project("{2150E333-8FDC-42A3-9474-1A3956D46DE8}") = "Implementations", "Implementations", "{4E64521E-0CFD-4A56-AA6B-EE0463C87F51}"
EndProject
Project("{9A19103F-16F7-4668-BE54-9A1E7A4F7556}") = "Repository", "Repository\Repository.csproj", "{39E436D1-3839-4CF7-BFAF-C0D2F2788024}"
EndProject
Project("{9A19103F-16F7-4668-BE54-9A1E7A4F7556}") = "BaseDataModel", "BaseDataModel\BaseDataModel.csproj", "{EE6A9F9F-4A47-4E0B-8926-66935E7DB6F1}"
EndProject
Project("{9A19103F-16F7-4668-BE54-9A1E7A4F7556}") = "UnitOfWork", "UnitOfWork\UnitOfWork.csproj", "{56987BCA-26EC-4DC9-93A5-B865734DCDEF}"
EndProject
Project("{2150E333-8FDC-42A3-9474-1A3956D46DE8}") = "Entity Framework 6", "Entity Framework 6", "{0DAC5888-9ECC-41B5-8BE7-9395D64D22C8}"
EndProject
Project("{9A19103F-16F7-4668-BE54-9A1E7A4F7556}") = "EF6UnitOfWork", "EF6UnitOfWork\EF6UnitOfWork.csproj", "{29EC2690-EE3B-496F-8489-0E6B81CD53C2}"
EndProject
Project("{9A19103F-16F7-4668-BE54-9A1E7A4F7556}") = "EF6UnitOfWork.Tests", "EF6UnitOfWork.Tests\EF6UnitOfWork.Tests.csproj", "{55E4E5ED-9191-4D85-9131-699EDD2D1202}"
EndProject
Project("{9A19103F-16F7-4668-BE54-9A1E7A4F7556}") = "EF6Repository", "EF6Repository\EF6Repository.csproj", "{7D81A222-01B8-401F-8C95-198DD14E0824}"
EndProject
Project("{9A19103F-16F7-4668-BE54-9A1E7A4F7556}") = "EF6Repository.Tests", "EF6Repository.Tests\EF6Repository.Tests.csproj", "{8EA4E822-A02D-446B-8E17-EC4C71191CBB}"
EndProject
Project("{9A19103F-16F7-4668-BE54-9A1E7A4F7556}") = "Fakes", "Fakes\Fakes.csproj", "{88807A91-2D5B-4CAA-870C-FE3776F3D414}"
EndProject
Project("{2150E333-8FDC-42A3-9474-1A3956D46DE8}") = "Entity Framework 6", "Entity Framework 6", "{E73AB41C-8F19-4986-8EC8-023375083193}"
EndProject
Project("{2150E333-8FDC-42A3-9474-1A3956D46DE8}") = "Ado.Net", "Ado.Net", "{0F8A60D4-3706-4490-BF00-8C004C820EAF}"
EndProject
Project("{9A19103F-16F7-4668-BE54-9A1E7A4F7556}") = "AdoRepository", "AdoRepository\AdoRepository.csproj", "{459E1F19-5713-4B46-BBC8-AB50CAA19128}"
EndProject
Project("{2150E333-8FDC-42A3-9474-1A3956D46DE8}") = "Ado.Net", "Ado.Net", "{E8B12945-8CB2-4427-9873-D3327BB473BA}"
EndProject
Project("{9A19103F-16F7-4668-BE54-9A1E7A4F7556}") = "AdoRepository.Tests", "AdoRepository.Tests\AdoRepository.Tests.csproj", "{76D12781-9ED3-44C2-9BC4-C82847E4AC58}"
EndProject
Project("{9A19103F-16F7-4668-BE54-9A1E7A4F7556}") = "AdoTableNameProviderAbstract", "AdoTableNameProviderAbstract\AdoTableNameProviderAbstract.csproj", "{B362CE54-A083-42FB-A9A4-8A3DA77A1AA0}"
EndProject
Project("{9A19103F-16F7-4668-BE54-9A1E7A4F7556}") = "AdoDbCommandProviderAbstract", "AdoDbCommandProviderAbstract\AdoDbCommandProviderAbstract.csproj", "{292D50C4-87D9-4998-A05D-9348C479FCDB}"
EndProject
Project("{2150E333-8FDC-42A3-9474-1A3956D46DE8}") = "Infrastructure", "Infrastructure", "{790D1604-4E67-4A4A-9DBC-163C7CC58F06}"
EndProject
Project("{2150E333-8FDC-42A3-9474-1A3956D46DE8}") = "Abstract", "Abstract", "{FE0A0658-85B5-44F3-93B9-CC9352CCFAA2}"
EndProject
Project("{2150E333-8FDC-42A3-9474-1A3956D46DE8}") = "Concrete", "Concrete", "{0EBE4962-A166-47FB-86DD-9711DAB133F6}"
EndProject
Project("{9A19103F-16F7-4668-BE54-9A1E7A4F7556}") = "AdoDataMapperAbstract", "AdoDataMapperAbstract\AdoDataMapperAbstract.csproj", "{1DB6AFD4-5011-49E6-B5C5-53E04FC63EBD}"
EndProject
Project("{2150E333-8FDC-42A3-9474-1A3956D46DE8}") = "Solution Items", "Solution Items", "{E0C8310D-1341-427E-94A3-788816EAA78B}"
	ProjectSection(SolutionItems) = preProject
		..\.gitignore = ..\.gitignore
		..\docker-compose.yml = ..\docker-compose.yml
		..\LICENSE = ..\LICENSE
		..\README.md = ..\README.md
	EndProjectSection
EndProject
Project("{2150E333-8FDC-42A3-9474-1A3956D46DE8}") = "Cassandra", "Cassandra", "{4007054E-8903-4E50-AC48-21922EAAE83F}"
EndProject
Project("{FAE04EC0-301F-11D3-BF4B-00C04F79EFBC}") = "CassandraRepository", "CassandraRepository\CassandraRepository.csproj", "{F0E5A1DB-9A76-48F5-856E-ADBC01304C13}"
EndProject
Project("{FAE04EC0-301F-11D3-BF4B-00C04F79EFBC}") = "CassandraUnitOfWork", "CassandraUnitOfWork\CassandraUnitOfWork.csproj", "{F6FCB2C9-34A8-4C4F-8C7C-D78A425B1DFB}"
EndProject
Project("{2150E333-8FDC-42A3-9474-1A3956D46DE8}") = "Cassandra", "Cassandra", "{17473E36-AAC7-4A7D-A11F-423543D33BA9}"
EndProject
Project("{FAE04EC0-301F-11D3-BF4B-00C04F79EFBC}") = "CassandraRepository.Tests", "CassandraRepository.Tests\CassandraRepository.Tests.csproj", "{134BD782-ED63-467C-8474-807CE47599FC}"
EndProject
Project("{FAE04EC0-301F-11D3-BF4B-00C04F79EFBC}") = "CassandraUnitOfWork.Tests", "CassandraUnitOfWork.Tests\CassandraUnitOfWork.Tests.csproj", "{1D8452DF-5AA0-45A4-AFE4-8C39B6771325}"
EndProject
Global
	GlobalSection(SolutionConfigurationPlatforms) = preSolution
		Debug|Any CPU = Debug|Any CPU
		Release|Any CPU = Release|Any CPU
	EndGlobalSection
	GlobalSection(ProjectConfigurationPlatforms) = postSolution
		{39E436D1-3839-4CF7-BFAF-C0D2F2788024}.Debug|Any CPU.ActiveCfg = Debug|Any CPU
		{39E436D1-3839-4CF7-BFAF-C0D2F2788024}.Debug|Any CPU.Build.0 = Debug|Any CPU
		{39E436D1-3839-4CF7-BFAF-C0D2F2788024}.Release|Any CPU.ActiveCfg = Release|Any CPU
		{39E436D1-3839-4CF7-BFAF-C0D2F2788024}.Release|Any CPU.Build.0 = Release|Any CPU
		{EE6A9F9F-4A47-4E0B-8926-66935E7DB6F1}.Debug|Any CPU.ActiveCfg = Debug|Any CPU
		{EE6A9F9F-4A47-4E0B-8926-66935E7DB6F1}.Debug|Any CPU.Build.0 = Debug|Any CPU
		{EE6A9F9F-4A47-4E0B-8926-66935E7DB6F1}.Release|Any CPU.ActiveCfg = Release|Any CPU
		{EE6A9F9F-4A47-4E0B-8926-66935E7DB6F1}.Release|Any CPU.Build.0 = Release|Any CPU
		{56987BCA-26EC-4DC9-93A5-B865734DCDEF}.Debug|Any CPU.ActiveCfg = Debug|Any CPU
		{56987BCA-26EC-4DC9-93A5-B865734DCDEF}.Debug|Any CPU.Build.0 = Debug|Any CPU
		{56987BCA-26EC-4DC9-93A5-B865734DCDEF}.Release|Any CPU.ActiveCfg = Release|Any CPU
		{56987BCA-26EC-4DC9-93A5-B865734DCDEF}.Release|Any CPU.Build.0 = Release|Any CPU
		{29EC2690-EE3B-496F-8489-0E6B81CD53C2}.Debug|Any CPU.ActiveCfg = Debug|Any CPU
		{29EC2690-EE3B-496F-8489-0E6B81CD53C2}.Debug|Any CPU.Build.0 = Debug|Any CPU
		{29EC2690-EE3B-496F-8489-0E6B81CD53C2}.Release|Any CPU.ActiveCfg = Release|Any CPU
		{29EC2690-EE3B-496F-8489-0E6B81CD53C2}.Release|Any CPU.Build.0 = Release|Any CPU
		{55E4E5ED-9191-4D85-9131-699EDD2D1202}.Debug|Any CPU.ActiveCfg = Debug|Any CPU
		{55E4E5ED-9191-4D85-9131-699EDD2D1202}.Debug|Any CPU.Build.0 = Debug|Any CPU
		{55E4E5ED-9191-4D85-9131-699EDD2D1202}.Release|Any CPU.ActiveCfg = Release|Any CPU
		{55E4E5ED-9191-4D85-9131-699EDD2D1202}.Release|Any CPU.Build.0 = Release|Any CPU
		{7D81A222-01B8-401F-8C95-198DD14E0824}.Debug|Any CPU.ActiveCfg = Debug|Any CPU
		{7D81A222-01B8-401F-8C95-198DD14E0824}.Debug|Any CPU.Build.0 = Debug|Any CPU
		{7D81A222-01B8-401F-8C95-198DD14E0824}.Release|Any CPU.ActiveCfg = Release|Any CPU
		{7D81A222-01B8-401F-8C95-198DD14E0824}.Release|Any CPU.Build.0 = Release|Any CPU
		{8EA4E822-A02D-446B-8E17-EC4C71191CBB}.Debug|Any CPU.ActiveCfg = Debug|Any CPU
		{8EA4E822-A02D-446B-8E17-EC4C71191CBB}.Debug|Any CPU.Build.0 = Debug|Any CPU
		{8EA4E822-A02D-446B-8E17-EC4C71191CBB}.Release|Any CPU.ActiveCfg = Release|Any CPU
		{8EA4E822-A02D-446B-8E17-EC4C71191CBB}.Release|Any CPU.Build.0 = Release|Any CPU
		{88807A91-2D5B-4CAA-870C-FE3776F3D414}.Debug|Any CPU.ActiveCfg = Debug|Any CPU
		{88807A91-2D5B-4CAA-870C-FE3776F3D414}.Debug|Any CPU.Build.0 = Debug|Any CPU
		{88807A91-2D5B-4CAA-870C-FE3776F3D414}.Release|Any CPU.ActiveCfg = Release|Any CPU
		{88807A91-2D5B-4CAA-870C-FE3776F3D414}.Release|Any CPU.Build.0 = Release|Any CPU
		{459E1F19-5713-4B46-BBC8-AB50CAA19128}.Debug|Any CPU.ActiveCfg = Debug|Any CPU
		{459E1F19-5713-4B46-BBC8-AB50CAA19128}.Debug|Any CPU.Build.0 = Debug|Any CPU
		{459E1F19-5713-4B46-BBC8-AB50CAA19128}.Release|Any CPU.ActiveCfg = Release|Any CPU
		{459E1F19-5713-4B46-BBC8-AB50CAA19128}.Release|Any CPU.Build.0 = Release|Any CPU
		{76D12781-9ED3-44C2-9BC4-C82847E4AC58}.Debug|Any CPU.ActiveCfg = Debug|Any CPU
		{76D12781-9ED3-44C2-9BC4-C82847E4AC58}.Debug|Any CPU.Build.0 = Debug|Any CPU
		{76D12781-9ED3-44C2-9BC4-C82847E4AC58}.Release|Any CPU.ActiveCfg = Release|Any CPU
		{76D12781-9ED3-44C2-9BC4-C82847E4AC58}.Release|Any CPU.Build.0 = Release|Any CPU
		{B362CE54-A083-42FB-A9A4-8A3DA77A1AA0}.Debug|Any CPU.ActiveCfg = Debug|Any CPU
		{B362CE54-A083-42FB-A9A4-8A3DA77A1AA0}.Debug|Any CPU.Build.0 = Debug|Any CPU
		{B362CE54-A083-42FB-A9A4-8A3DA77A1AA0}.Release|Any CPU.ActiveCfg = Release|Any CPU
		{B362CE54-A083-42FB-A9A4-8A3DA77A1AA0}.Release|Any CPU.Build.0 = Release|Any CPU
		{292D50C4-87D9-4998-A05D-9348C479FCDB}.Debug|Any CPU.ActiveCfg = Debug|Any CPU
		{292D50C4-87D9-4998-A05D-9348C479FCDB}.Debug|Any CPU.Build.0 = Debug|Any CPU
		{292D50C4-87D9-4998-A05D-9348C479FCDB}.Release|Any CPU.ActiveCfg = Release|Any CPU
		{292D50C4-87D9-4998-A05D-9348C479FCDB}.Release|Any CPU.Build.0 = Release|Any CPU
		{1DB6AFD4-5011-49E6-B5C5-53E04FC63EBD}.Debug|Any CPU.ActiveCfg = Debug|Any CPU
		{1DB6AFD4-5011-49E6-B5C5-53E04FC63EBD}.Debug|Any CPU.Build.0 = Debug|Any CPU
		{1DB6AFD4-5011-49E6-B5C5-53E04FC63EBD}.Release|Any CPU.ActiveCfg = Release|Any CPU
		{1DB6AFD4-5011-49E6-B5C5-53E04FC63EBD}.Release|Any CPU.Build.0 = Release|Any CPU
		{F0E5A1DB-9A76-48F5-856E-ADBC01304C13}.Debug|Any CPU.ActiveCfg = Debug|Any CPU
		{F0E5A1DB-9A76-48F5-856E-ADBC01304C13}.Debug|Any CPU.Build.0 = Debug|Any CPU
		{F0E5A1DB-9A76-48F5-856E-ADBC01304C13}.Release|Any CPU.ActiveCfg = Release|Any CPU
		{F0E5A1DB-9A76-48F5-856E-ADBC01304C13}.Release|Any CPU.Build.0 = Release|Any CPU
		{F6FCB2C9-34A8-4C4F-8C7C-D78A425B1DFB}.Debug|Any CPU.ActiveCfg = Debug|Any CPU
		{F6FCB2C9-34A8-4C4F-8C7C-D78A425B1DFB}.Debug|Any CPU.Build.0 = Debug|Any CPU
		{F6FCB2C9-34A8-4C4F-8C7C-D78A425B1DFB}.Release|Any CPU.ActiveCfg = Release|Any CPU
		{F6FCB2C9-34A8-4C4F-8C7C-D78A425B1DFB}.Release|Any CPU.Build.0 = Release|Any CPU
		{134BD782-ED63-467C-8474-807CE47599FC}.Debug|Any CPU.ActiveCfg = Debug|Any CPU
		{134BD782-ED63-467C-8474-807CE47599FC}.Debug|Any CPU.Build.0 = Debug|Any CPU
		{134BD782-ED63-467C-8474-807CE47599FC}.Release|Any CPU.ActiveCfg = Release|Any CPU
		{134BD782-ED63-467C-8474-807CE47599FC}.Release|Any CPU.Build.0 = Release|Any CPU
		{1D8452DF-5AA0-45A4-AFE4-8C39B6771325}.Debug|Any CPU.ActiveCfg = Debug|Any CPU
		{1D8452DF-5AA0-45A4-AFE4-8C39B6771325}.Debug|Any CPU.Build.0 = Debug|Any CPU
		{1D8452DF-5AA0-45A4-AFE4-8C39B6771325}.Release|Any CPU.ActiveCfg = Release|Any CPU
		{1D8452DF-5AA0-45A4-AFE4-8C39B6771325}.Release|Any CPU.Build.0 = Release|Any CPU
	EndGlobalSection
	GlobalSection(SolutionProperties) = preSolution
		HideSolutionNode = FALSE
	EndGlobalSection
	GlobalSection(NestedProjects) = preSolution
		{2DBA28C4-E688-4E42-8834-D65DCF741F04} = {1B9F929F-489D-4B6B-AB3F-6B0F8EC9D0A3}
		{4E64521E-0CFD-4A56-AA6B-EE0463C87F51} = {1B9F929F-489D-4B6B-AB3F-6B0F8EC9D0A3}
		{39E436D1-3839-4CF7-BFAF-C0D2F2788024} = {2DBA28C4-E688-4E42-8834-D65DCF741F04}
		{56987BCA-26EC-4DC9-93A5-B865734DCDEF} = {4E64521E-0CFD-4A56-AA6B-EE0463C87F51}
		{0DAC5888-9ECC-41B5-8BE7-9395D64D22C8} = {4E64521E-0CFD-4A56-AA6B-EE0463C87F51}
		{29EC2690-EE3B-496F-8489-0E6B81CD53C2} = {0DAC5888-9ECC-41B5-8BE7-9395D64D22C8}
		{55E4E5ED-9191-4D85-9131-699EDD2D1202} = {E73AB41C-8F19-4986-8EC8-023375083193}
		{7D81A222-01B8-401F-8C95-198DD14E0824} = {0DAC5888-9ECC-41B5-8BE7-9395D64D22C8}
		{8EA4E822-A02D-446B-8E17-EC4C71191CBB} = {E73AB41C-8F19-4986-8EC8-023375083193}
		{88807A91-2D5B-4CAA-870C-FE3776F3D414} = {FF565E1A-C8B0-4AE2-A092-79E104E80430}
		{E73AB41C-8F19-4986-8EC8-023375083193} = {FF565E1A-C8B0-4AE2-A092-79E104E80430}
		{0F8A60D4-3706-4490-BF00-8C004C820EAF} = {4E64521E-0CFD-4A56-AA6B-EE0463C87F51}
		{459E1F19-5713-4B46-BBC8-AB50CAA19128} = {0F8A60D4-3706-4490-BF00-8C004C820EAF}
		{E8B12945-8CB2-4427-9873-D3327BB473BA} = {FF565E1A-C8B0-4AE2-A092-79E104E80430}
		{76D12781-9ED3-44C2-9BC4-C82847E4AC58} = {E8B12945-8CB2-4427-9873-D3327BB473BA}
		{B362CE54-A083-42FB-A9A4-8A3DA77A1AA0} = {FE0A0658-85B5-44F3-93B9-CC9352CCFAA2}
		{292D50C4-87D9-4998-A05D-9348C479FCDB} = {FE0A0658-85B5-44F3-93B9-CC9352CCFAA2}
		{790D1604-4E67-4A4A-9DBC-163C7CC58F06} = {0F8A60D4-3706-4490-BF00-8C004C820EAF}
		{FE0A0658-85B5-44F3-93B9-CC9352CCFAA2} = {790D1604-4E67-4A4A-9DBC-163C7CC58F06}
		{0EBE4962-A166-47FB-86DD-9711DAB133F6} = {790D1604-4E67-4A4A-9DBC-163C7CC58F06}
		{1DB6AFD4-5011-49E6-B5C5-53E04FC63EBD} = {FE0A0658-85B5-44F3-93B9-CC9352CCFAA2}
		{4007054E-8903-4E50-AC48-21922EAAE83F} = {4E64521E-0CFD-4A56-AA6B-EE0463C87F51}
		{F0E5A1DB-9A76-48F5-856E-ADBC01304C13} = {4007054E-8903-4E50-AC48-21922EAAE83F}
		{F6FCB2C9-34A8-4C4F-8C7C-D78A425B1DFB} = {4007054E-8903-4E50-AC48-21922EAAE83F}
		{17473E36-AAC7-4A7D-A11F-423543D33BA9} = {FF565E1A-C8B0-4AE2-A092-79E104E80430}
		{134BD782-ED63-467C-8474-807CE47599FC} = {17473E36-AAC7-4A7D-A11F-423543D33BA9}
		{1D8452DF-5AA0-45A4-AFE4-8C39B6771325} = {17473E36-AAC7-4A7D-A11F-423543D33BA9}
	EndGlobalSection
	GlobalSection(ExtensibilityGlobals) = postSolution
		SolutionGuid = {D2A1DCF0-0CD2-401E-A9E6-49141784FEEF}
	EndGlobalSection
EndGlobal
