
Microsoft Visual Studio Solution File, Format Version 12.00
# Visual Studio 14
VisualStudioVersion = 14.0.23107.0
MinimumVisualStudioVersion = 10.0.40219.1
Project("{2150E333-8FDC-42A3-9474-1A3956D46DE8}") = "Tests", "Tests", "{FF565E1A-C8B0-4AE2-A092-79E104E80430}"
EndProject
Project("{2150E333-8FDC-42A3-9474-1A3956D46DE8}") = "Framework", "Framework", "{1B9F929F-489D-4B6B-AB3F-6B0F8EC9D0A3}"
EndProject
Project("{2150E333-8FDC-42A3-9474-1A3956D46DE8}") = "Abstract", "Abstract", "{2DBA28C4-E688-4E42-8834-D65DCF741F04}"
EndProject
Project("{2150E333-8FDC-42A3-9474-1A3956D46DE8}") = "Concrete", "Concrete", "{4E64521E-0CFD-4A56-AA6B-EE0463C87F51}"
EndProject
Project("{FAE04EC0-301F-11D3-BF4B-00C04F79EFBC}") = "Repository", "Repository\Repository.csproj", "{39E436D1-3839-4CF7-BFAF-C0D2F2788024}"
EndProject
Project("{FAE04EC0-301F-11D3-BF4B-00C04F79EFBC}") = "BaseDataModel", "BaseDataModel\BaseDataModel.csproj", "{EE6A9F9F-4A47-4E0B-8926-66935E7DB6F1}"
EndProject
Project("{FAE04EC0-301F-11D3-BF4B-00C04F79EFBC}") = "Specification", "Specification\Specification.csproj", "{433EF10D-D47A-43E3-9C3E-1895F28A1950}"
EndProject
Project("{FAE04EC0-301F-11D3-BF4B-00C04F79EFBC}") = "UnitOfWork", "UnitOfWork\UnitOfWork.csproj", "{56987BCA-26EC-4DC9-93A5-B865734DCDEF}"
EndProject
Project("{FAE04EC0-301F-11D3-BF4B-00C04F79EFBC}") = "UnitOfWork.Tests", "UnitOfWork.Tests\UnitOfWork.Tests.csproj", "{2E3DF5C2-8A38-4A03-86D7-8D463C917E47}"
EndProject
Global
	GlobalSection(SolutionConfigurationPlatforms) = preSolution
		Debug|Any CPU = Debug|Any CPU
		Release|Any CPU = Release|Any CPU
	EndGlobalSection
	GlobalSection(ProjectConfigurationPlatforms) = postSolution
		{39E436D1-3839-4CF7-BFAF-C0D2F2788024}.Debug|Any CPU.ActiveCfg = Debug|Any CPU
		{39E436D1-3839-4CF7-BFAF-C0D2F2788024}.Debug|Any CPU.Build.0 = Debug|Any CPU
		{39E436D1-3839-4CF7-BFAF-C0D2F2788024}.Release|Any CPU.ActiveCfg = Release|Any CPU
		{39E436D1-3839-4CF7-BFAF-C0D2F2788024}.Release|Any CPU.Build.0 = Release|Any CPU
		{EE6A9F9F-4A47-4E0B-8926-66935E7DB6F1}.Debug|Any CPU.ActiveCfg = Debug|Any CPU
		{EE6A9F9F-4A47-4E0B-8926-66935E7DB6F1}.Debug|Any CPU.Build.0 = Debug|Any CPU
		{EE6A9F9F-4A47-4E0B-8926-66935E7DB6F1}.Release|Any CPU.ActiveCfg = Release|Any CPU
		{EE6A9F9F-4A47-4E0B-8926-66935E7DB6F1}.Release|Any CPU.Build.0 = Release|Any CPU
		{433EF10D-D47A-43E3-9C3E-1895F28A1950}.Debug|Any CPU.ActiveCfg = Debug|Any CPU
		{433EF10D-D47A-43E3-9C3E-1895F28A1950}.Debug|Any CPU.Build.0 = Debug|Any CPU
		{433EF10D-D47A-43E3-9C3E-1895F28A1950}.Release|Any CPU.ActiveCfg = Release|Any CPU
		{433EF10D-D47A-43E3-9C3E-1895F28A1950}.Release|Any CPU.Build.0 = Release|Any CPU
		{56987BCA-26EC-4DC9-93A5-B865734DCDEF}.Debug|Any CPU.ActiveCfg = Debug|Any CPU
		{56987BCA-26EC-4DC9-93A5-B865734DCDEF}.Debug|Any CPU.Build.0 = Debug|Any CPU
		{56987BCA-26EC-4DC9-93A5-B865734DCDEF}.Release|Any CPU.ActiveCfg = Release|Any CPU
		{56987BCA-26EC-4DC9-93A5-B865734DCDEF}.Release|Any CPU.Build.0 = Release|Any CPU
		{2E3DF5C2-8A38-4A03-86D7-8D463C917E47}.Debug|Any CPU.ActiveCfg = Debug|Any CPU
		{2E3DF5C2-8A38-4A03-86D7-8D463C917E47}.Debug|Any CPU.Build.0 = Debug|Any CPU
		{2E3DF5C2-8A38-4A03-86D7-8D463C917E47}.Release|Any CPU.ActiveCfg = Release|Any CPU
		{2E3DF5C2-8A38-4A03-86D7-8D463C917E47}.Release|Any CPU.Build.0 = Release|Any CPU
	EndGlobalSection
	GlobalSection(SolutionProperties) = preSolution
		HideSolutionNode = FALSE
	EndGlobalSection
	GlobalSection(NestedProjects) = preSolution
		{2DBA28C4-E688-4E42-8834-D65DCF741F04} = {1B9F929F-489D-4B6B-AB3F-6B0F8EC9D0A3}
		{4E64521E-0CFD-4A56-AA6B-EE0463C87F51} = {1B9F929F-489D-4B6B-AB3F-6B0F8EC9D0A3}
		{39E436D1-3839-4CF7-BFAF-C0D2F2788024} = {2DBA28C4-E688-4E42-8834-D65DCF741F04}
		{EE6A9F9F-4A47-4E0B-8926-66935E7DB6F1} = {1B9F929F-489D-4B6B-AB3F-6B0F8EC9D0A3}
		{433EF10D-D47A-43E3-9C3E-1895F28A1950} = {2DBA28C4-E688-4E42-8834-D65DCF741F04}
		{56987BCA-26EC-4DC9-93A5-B865734DCDEF} = {2DBA28C4-E688-4E42-8834-D65DCF741F04}
		{2E3DF5C2-8A38-4A03-86D7-8D463C917E47} = {FF565E1A-C8B0-4AE2-A092-79E104E80430}
	EndGlobalSection
EndGlobal
